
Microsoft Visual Studio Solution File, Format Version 12.00
# Visual Studio Version 17
VisualStudioVersion = 17.7.34031.279
MinimumVisualStudioVersion = 10.0.40219.1
Project("{FAE04EC0-301F-11D3-BF4B-00C04F79EFBC}") = "TheDeweyDecimalSystem", "TheDeweyDecimalSystem\TheDeweyDecimalSystem.csproj", "{38C506C0-5E52-45C1-AADF-5A1D729226E9}"
EndProject
Project("{FAE04EC0-301F-11D3-BF4B-00C04F79EFBC}") = "GenerateDeweyDecimal", "GenerateDeweyDecimal\GenerateDeweyDecimal.csproj", "{89206584-7153-4204-9497-C21D2E310703}"
EndProject
Global
	GlobalSection(SolutionConfigurationPlatforms) = preSolution
		Debug|Any CPU = Debug|Any CPU
		Release|Any CPU = Release|Any CPU
	EndGlobalSection
	GlobalSection(ProjectConfigurationPlatforms) = postSolution
		{38C506C0-5E52-45C1-AADF-5A1D729226E9}.Debug|Any CPU.ActiveCfg = Debug|Any CPU
		{38C506C0-5E52-45C1-AADF-5A1D729226E9}.Debug|Any CPU.Build.0 = Debug|Any CPU
		{38C506C0-5E52-45C1-AADF-5A1D729226E9}.Release|Any CPU.ActiveCfg = Release|Any CPU
		{38C506C0-5E52-45C1-AADF-5A1D729226E9}.Release|Any CPU.Build.0 = Release|Any CPU
		{89206584-7153-4204-9497-C21D2E310703}.Debug|Any CPU.ActiveCfg = Debug|Any CPU
		{89206584-7153-4204-9497-C21D2E310703}.Debug|Any CPU.Build.0 = Debug|Any CPU
		{89206584-7153-4204-9497-C21D2E310703}.Release|Any CPU.ActiveCfg = Release|Any CPU
		{89206584-7153-4204-9497-C21D2E310703}.Release|Any CPU.Build.0 = Release|Any CPU
	EndGlobalSection
	GlobalSection(SolutionProperties) = preSolution
		HideSolutionNode = FALSE
	EndGlobalSection
	GlobalSection(ExtensibilityGlobals) = postSolution
		SolutionGuid = {7D4E1B36-620F-4D63-B5AD-B7300ED305F5}
	EndGlobalSection
EndGlobal
